dependencies:
  idf:
    component_hash: null
    source:
      type: idf
    version: 5.2.0
  protocol_examples_common:
    component_hash: null
    source:
      path: C:\Users\xiaoy\esp\v5.2\esp-idf\examples\common_components\protocol_examples_common
      type: local
    version: '*'
manifest_hash: 4f1c6830065bfeb0de782fdc34e75d8b4b26822afdd32efab84ebdee9671f1c7
target: esp32
version: 1.0.0
